
Microsoft Visual Studio Solution File, Format Version 12.00
# Visual Studio 15
VisualStudioVersion = 15.0.27130.2026
MinimumVisualStudioVersion = 10.0.40219.1
Project("{FAE04EC0-301F-11D3-BF4B-00C04F79EFBC}") = "DotNetCore.Mvc", "DotNetCore.Mvc\DotNetCore.Mvc.csproj", "{9E48F3EA-02DD-4D46-97DF-0AB75D23AD81}"
EndProject
Global
	GlobalSection(SolutionConfigurationPlatforms) = preSolution
		Debug|Any CPU = Debug|Any CPU
		Release|Any CPU = Release|Any CPU
	EndGlobalSection
	GlobalSection(ProjectConfigurationPlatforms) = postSolution
		{9E48F3EA-02DD-4D46-97DF-0AB75D23AD81}.Debug|Any CPU.ActiveCfg = Debug|Any CPU
		{9E48F3EA-02DD-4D46-97DF-0AB75D23AD81}.Debug|Any CPU.Build.0 = Debug|Any CPU
		{9E48F3EA-02DD-4D46-97DF-0AB75D23AD81}.Release|Any CPU.ActiveCfg = Release|Any CPU
		{9E48F3EA-02DD-4D46-97DF-0AB75D23AD81}.Release|Any CPU.Build.0 = Release|Any CPU
	EndGlobalSection
	GlobalSection(SolutionProperties) = preSolution
		HideSolutionNode = FALSE
	EndGlobalSection
	GlobalSection(ExtensibilityGlobals) = postSolution
		SolutionGuid = {DE10FF47-2254-4542-B845-CA53C5CA0A47}
	EndGlobalSection
EndGlobal
