
Microsoft Visual Studio Solution File, Format Version 12.00
# Visual Studio 15
VisualStudioVersion = 15.0.27130.2026
MinimumVisualStudioVersion = 10.0.40219.1
Project("{9A19103F-16F7-4668-BE54-9A1E7A4F7556}") = "DotNetCore.Mvc", "DotNetCore.Mvc\DotNetCore.Mvc.csproj", "{9E48F3EA-02DD-4D46-97DF-0AB75D23AD81}"
EndProject
Project("{9A19103F-16F7-4668-BE54-9A1E7A4F7556}") = "DotNetCore.Services", "DotNetCore.Services\DotNetCore.Services.csproj", "{90AEC331-5B5F-4AD9-9CBB-6B5CBAFC6A8D}"
EndProject
Project("{9A19103F-16F7-4668-BE54-9A1E7A4F7556}") = "DotNetCore.Repositories", "DotNetCore.Repositories\DotNetCore.Repositories.csproj", "{33BDD53C-719B-4F5C-AD29-A074AF5553BA}"
EndProject
Project("{9A19103F-16F7-4668-BE54-9A1E7A4F7556}") = "DotNetCore.Interface", "DotNetCore.Interface\DotNetCore.Interface.csproj", "{D00EC609-AE60-4D5B-9645-3E1FBFDF66CA}"
EndProject
Project("{9A19103F-16F7-4668-BE54-9A1E7A4F7556}") = "DotNetCore.Common", "DotNetCore.Common\DotNetCore.Common.csproj", "{F27923AE-F5E7-4D7D-9567-076EEEE1DA46}"
EndProject
Project("{9A19103F-16F7-4668-BE54-9A1E7A4F7556}") = "DotNetCore.Models", "DotNetCore.Models\DotNetCore.Models.csproj", "{E06167AC-3115-435E-BF43-9FE8230BFD57}"
EndProject
Project("{9A19103F-16F7-4668-BE54-9A1E7A4F7556}") = "NetCore2Mvc", "NetCore2Mvc\NetCore2Mvc.csproj", "{07E5BECA-48E2-45BB-97B3-E73B9E9B767A}"
EndProject
Project("{E53339B2-1760-4266-BCC7-CA923CBCF16C}") = "docker-compose", "docker-compose.dcproj", "{CD6B97C9-633E-4581-87BA-1ED82B5476F2}"
EndProject
Project("{FAE04EC0-301F-11D3-BF4B-00C04F79EFBC}") = "OcelotGateway", "OcelotGateway\OcelotGateway.csproj", "{C47C0FF1-58D0-4AF3-A977-E200EA2F8191}"
EndProject
Project("{FAE04EC0-301F-11D3-BF4B-00C04F79EFBC}") = "DemoAAPI", "DemoAAPI\DemoAAPI.csproj", "{0B92B4EF-42F0-4FAC-9217-7453FBEDFACE}"
EndProject
Project("{FAE04EC0-301F-11D3-BF4B-00C04F79EFBC}") = "DemoBAPI", "DemoBAPI\DemoBAPI.csproj", "{27AD0C61-577F-4E60-B9B2-5C6B0D587202}"
EndProject
Global
	GlobalSection(SolutionConfigurationPlatforms) = preSolution
		Debug|Any CPU = Debug|Any CPU
		Release|Any CPU = Release|Any CPU
	EndGlobalSection
	GlobalSection(ProjectConfigurationPlatforms) = postSolution
		{9E48F3EA-02DD-4D46-97DF-0AB75D23AD81}.Debug|Any CPU.ActiveCfg = Debug|Any CPU
		{9E48F3EA-02DD-4D46-97DF-0AB75D23AD81}.Debug|Any CPU.Build.0 = Debug|Any CPU
		{9E48F3EA-02DD-4D46-97DF-0AB75D23AD81}.Release|Any CPU.ActiveCfg = Release|Any CPU
		{9E48F3EA-02DD-4D46-97DF-0AB75D23AD81}.Release|Any CPU.Build.0 = Release|Any CPU
		{90AEC331-5B5F-4AD9-9CBB-6B5CBAFC6A8D}.Debug|Any CPU.ActiveCfg = Debug|Any CPU
		{90AEC331-5B5F-4AD9-9CBB-6B5CBAFC6A8D}.Debug|Any CPU.Build.0 = Debug|Any CPU
		{90AEC331-5B5F-4AD9-9CBB-6B5CBAFC6A8D}.Release|Any CPU.ActiveCfg = Release|Any CPU
		{90AEC331-5B5F-4AD9-9CBB-6B5CBAFC6A8D}.Release|Any CPU.Build.0 = Release|Any CPU
		{33BDD53C-719B-4F5C-AD29-A074AF5553BA}.Debug|Any CPU.ActiveCfg = Debug|Any CPU
		{33BDD53C-719B-4F5C-AD29-A074AF5553BA}.Debug|Any CPU.Build.0 = Debug|Any CPU
		{33BDD53C-719B-4F5C-AD29-A074AF5553BA}.Release|Any CPU.ActiveCfg = Release|Any CPU
		{33BDD53C-719B-4F5C-AD29-A074AF5553BA}.Release|Any CPU.Build.0 = Release|Any CPU
		{D00EC609-AE60-4D5B-9645-3E1FBFDF66CA}.Debug|Any CPU.ActiveCfg = Debug|Any CPU
		{D00EC609-AE60-4D5B-9645-3E1FBFDF66CA}.Debug|Any CPU.Build.0 = Debug|Any CPU
		{D00EC609-AE60-4D5B-9645-3E1FBFDF66CA}.Release|Any CPU.ActiveCfg = Release|Any CPU
		{D00EC609-AE60-4D5B-9645-3E1FBFDF66CA}.Release|Any CPU.Build.0 = Release|Any CPU
		{F27923AE-F5E7-4D7D-9567-076EEEE1DA46}.Debug|Any CPU.ActiveCfg = Debug|Any CPU
		{F27923AE-F5E7-4D7D-9567-076EEEE1DA46}.Debug|Any CPU.Build.0 = Debug|Any CPU
		{F27923AE-F5E7-4D7D-9567-076EEEE1DA46}.Release|Any CPU.ActiveCfg = Release|Any CPU
		{F27923AE-F5E7-4D7D-9567-076EEEE1DA46}.Release|Any CPU.Build.0 = Release|Any CPU
		{E06167AC-3115-435E-BF43-9FE8230BFD57}.Debug|Any CPU.ActiveCfg = Debug|Any CPU
		{E06167AC-3115-435E-BF43-9FE8230BFD57}.Debug|Any CPU.Build.0 = Debug|Any CPU
		{E06167AC-3115-435E-BF43-9FE8230BFD57}.Release|Any CPU.ActiveCfg = Release|Any CPU
		{E06167AC-3115-435E-BF43-9FE8230BFD57}.Release|Any CPU.Build.0 = Release|Any CPU
		{07E5BECA-48E2-45BB-97B3-E73B9E9B767A}.Debug|Any CPU.ActiveCfg = Debug|Any CPU
		{07E5BECA-48E2-45BB-97B3-E73B9E9B767A}.Debug|Any CPU.Build.0 = Debug|Any CPU
		{07E5BECA-48E2-45BB-97B3-E73B9E9B767A}.Release|Any CPU.ActiveCfg = Release|Any CPU
		{07E5BECA-48E2-45BB-97B3-E73B9E9B767A}.Release|Any CPU.Build.0 = Release|Any CPU
		{CD6B97C9-633E-4581-87BA-1ED82B5476F2}.Debug|Any CPU.ActiveCfg = Debug|Any CPU
		{CD6B97C9-633E-4581-87BA-1ED82B5476F2}.Debug|Any CPU.Build.0 = Debug|Any CPU
		{CD6B97C9-633E-4581-87BA-1ED82B5476F2}.Release|Any CPU.ActiveCfg = Release|Any CPU
		{CD6B97C9-633E-4581-87BA-1ED82B5476F2}.Release|Any CPU.Build.0 = Release|Any CPU
		{C47C0FF1-58D0-4AF3-A977-E200EA2F8191}.Debug|Any CPU.ActiveCfg = Debug|Any CPU
		{C47C0FF1-58D0-4AF3-A977-E200EA2F8191}.Debug|Any CPU.Build.0 = Debug|Any CPU
		{C47C0FF1-58D0-4AF3-A977-E200EA2F8191}.Release|Any CPU.ActiveCfg = Release|Any CPU
		{C47C0FF1-58D0-4AF3-A977-E200EA2F8191}.Release|Any CPU.Build.0 = Release|Any CPU
		{0B92B4EF-42F0-4FAC-9217-7453FBEDFACE}.Debug|Any CPU.ActiveCfg = Debug|Any CPU
		{0B92B4EF-42F0-4FAC-9217-7453FBEDFACE}.Debug|Any CPU.Build.0 = Debug|Any CPU
		{0B92B4EF-42F0-4FAC-9217-7453FBEDFACE}.Release|Any CPU.ActiveCfg = Release|Any CPU
		{0B92B4EF-42F0-4FAC-9217-7453FBEDFACE}.Release|Any CPU.Build.0 = Release|Any CPU
		{27AD0C61-577F-4E60-B9B2-5C6B0D587202}.Debug|Any CPU.ActiveCfg = Debug|Any CPU
		{27AD0C61-577F-4E60-B9B2-5C6B0D587202}.Debug|Any CPU.Build.0 = Debug|Any CPU
		{27AD0C61-577F-4E60-B9B2-5C6B0D587202}.Release|Any CPU.ActiveCfg = Release|Any CPU
		{27AD0C61-577F-4E60-B9B2-5C6B0D587202}.Release|Any CPU.Build.0 = Release|Any CPU
	EndGlobalSection
	GlobalSection(SolutionProperties) = preSolution
		HideSolutionNode = FALSE
	EndGlobalSection
	GlobalSection(ExtensibilityGlobals) = postSolution
		SolutionGuid = {DE10FF47-2254-4542-B845-CA53C5CA0A47}
	EndGlobalSection
EndGlobal
